# THIS IS AN AUTOGENERATED FILE. DO NOT EDIT THIS FILE DIRECTLY.
# yarn lockfile v1


through3@~1.1.5:
  version "1.1.7"
  resolved "https://registry.yarnpkg.com/through3/-/through3-1.1.7.tgz#d68c3bd034556e715c379dad257b08215e27364c"
  integrity sha512-9bUZXDGridMzC3uqRKw+ilb4n4S0Fo6AQNi9wM9zBYHJpQVsfI4JaroFSACXmDKViL+upDI3+V/io3UwlCTmtA==

wget-parser@^2.0.0:
  version "2.0.0"
  resolved "https://registry.yarnpkg.com/wget-parser/-/wget-parser-2.0.0.tgz#cadb3a9bc27c0cb5d17ab2be5eb1330413df6873"
  integrity sha512-Wsf7KuxYvtK0foDEBV8hfZygsfVj19hewWTuF3iYAlaSSm3eF/B5yCztxR65Cg5tkVilphr1hV6IeA6s141vLQ==
  dependencies:
    through3 "~1.1.5"
